
Microsoft Visual Studio Solution File, Format Version 12.00
# Visual Studio Version 17
VisualStudioVersion = 17.14.36811.4 d17.14
MinimumVisualStudioVersion = 10.0.40219.1
Project("{FAE04EC0-301F-11D3-BF4B-00C04F79EFBC}") = "LogAnalyzer", "LogAnalyzer\LogAnalyzer.csproj", "{73BAAB8E-E7D8-4479-B737-840787AB92AD}"
EndProject
Global
	GlobalSection(SolutionConfigurationPlatforms) = preSolution
		Debug|Any CPU = Debug|Any CPU
		Release|Any CPU = Release|Any CPU
	EndGlobalSection
	GlobalSection(ProjectConfigurationPlatforms) = postSolution
		{73BAAB8E-E7D8-4479-B737-840787AB92AD}.Debug|Any CPU.ActiveCfg = Debug|Any CPU
		{73BAAB8E-E7D8-4479-B737-840787AB92AD}.Debug|Any CPU.Build.0 = Debug|Any CPU
		{73BAAB8E-E7D8-4479-B737-840787AB92AD}.Release|Any CPU.ActiveCfg = Release|Any CPU
		{73BAAB8E-E7D8-4479-B737-840787AB92AD}.Release|Any CPU.Build.0 = Release|Any CPU
	EndGlobalSection
	GlobalSection(SolutionProperties) = preSolution
		HideSolutionNode = FALSE
	EndGlobalSection
	GlobalSection(ExtensibilityGlobals) = postSolution
		SolutionGuid = {70388D4E-6FC6-42F9-976D-B42A777C4767}
	EndGlobalSection
EndGlobal
